
Microsoft Visual Studio Solution File, Format Version 12.00
# Visual Studio Version 17
VisualStudioVersion = 17.12.35527.113 d17.12
MinimumVisualStudioVersion = 10.0.40219.1
Project("{FAE04EC0-301F-11D3-BF4B-00C04F79EFBC}") = "GUI_minsu_net", "minsu_net\GUI_minsu_net.csproj", "{3FCFF530-715B-4F7E-BF4A-E4CAD20B203B}"
EndProject
Project("{FAE04EC0-301F-11D3-BF4B-00C04F79EFBC}") = "BUS", "BUS\BUS.csproj", "{0E4AEA46-F014-4039-9A07-1A54EC752A80}"
EndProject
Project("{FAE04EC0-301F-11D3-BF4B-00C04F79EFBC}") = "DAL", "DAL\DAL.csproj", "{7B9BB7EE-670B-4683-8819-4D139875066F}"
EndProject
Global
	GlobalSection(SolutionConfigurationPlatforms) = preSolution
		Debug|Any CPU = Debug|Any CPU
		Release|Any CPU = Release|Any CPU
	EndGlobalSection
	GlobalSection(ProjectConfigurationPlatforms) = postSolution
		{3FCFF530-715B-4F7E-BF4A-E4CAD20B203B}.Debug|Any CPU.ActiveCfg = Debug|Any CPU
		{3FCFF530-715B-4F7E-BF4A-E4CAD20B203B}.Debug|Any CPU.Build.0 = Debug|Any CPU
		{3FCFF530-715B-4F7E-BF4A-E4CAD20B203B}.Release|Any CPU.ActiveCfg = Release|Any CPU
		{3FCFF530-715B-4F7E-BF4A-E4CAD20B203B}.Release|Any CPU.Build.0 = Release|Any CPU
		{0E4AEA46-F014-4039-9A07-1A54EC752A80}.Debug|Any CPU.ActiveCfg = Debug|Any CPU
		{0E4AEA46-F014-4039-9A07-1A54EC752A80}.Debug|Any CPU.Build.0 = Debug|Any CPU
		{0E4AEA46-F014-4039-9A07-1A54EC752A80}.Release|Any CPU.ActiveCfg = Release|Any CPU
		{0E4AEA46-F014-4039-9A07-1A54EC752A80}.Release|Any CPU.Build.0 = Release|Any CPU
		{7B9BB7EE-670B-4683-8819-4D139875066F}.Debug|Any CPU.ActiveCfg = Debug|Any CPU
		{7B9BB7EE-670B-4683-8819-4D139875066F}.Debug|Any CPU.Build.0 = Debug|Any CPU
		{7B9BB7EE-670B-4683-8819-4D139875066F}.Release|Any CPU.ActiveCfg = Release|Any CPU
		{7B9BB7EE-670B-4683-8819-4D139875066F}.Release|Any CPU.Build.0 = Release|Any CPU
	EndGlobalSection
	GlobalSection(SolutionProperties) = preSolution
		HideSolutionNode = FALSE
	EndGlobalSection
EndGlobal
